// !$*UTF8*$!
{
	archiveVersion = 1;
	classes = {
	};
	objectVersion = 46;
	objects = {

/* Begin PBXBuildFile section */
		0EC995571C31235E0035291D /* AppDelegate.swift in Sources */ = {isa = PBXBuildFile; fileRef = 0EC995561C31235E0035291D /* AppDelegate.swift */; };
		0EC995591C31235E0035291D /* ViewController.swift in Sources */ = {isa = PBXBuildFile; fileRef = 0EC995581C31235E0035291D /* ViewController.swift */; };
		0EC9955C1C31235E0035291D /* Main.storyboard in Resources */ = {isa = PBXBuildFile; fileRef = 0EC9955A1C31235E0035291D /* Main.storyboard */; };
		0EC9955E1C31235E0035291D /* Assets.xcassets in Resources */ = {isa = PBXBuildFile; fileRef = 0EC9955D1C31235E0035291D /* Assets.xcassets */; };
		0EC995611C31235E0035291D /* LaunchScreen.storyboard in Resources */ = {isa = PBXBuildFile; fileRef = 0EC9955F1C31235E0035291D /* LaunchScreen.storyboard */; };
		0EC995691C3124FE0035291D /* MuddlerKit.framework in Frameworks */ = {isa = PBXBuildFile; fileRef = 0EC995681C3124FE0035291D /* MuddlerKit.framework */; };
		0EC995731C3129E00035291D /* Log.swift in Sources */ = {isa = PBXBuildFile; fileRef = 0EC995721C3129E00035291D /* Log.swift */; };
/* End PBXBuildFile section */

/* Begin PBXFileReference section */
		0EC995531C31235E0035291D /* Example.app */ = {isa = PBXFileReference; explicitFileType = wrapper.application; includeInIndex = 0; path = Example.app; sourceTree = BUILT_PRODUCTS_DIR; };
		0EC995561C31235E0035291D /* AppDelegate.swift */ = {isa = PBXFileReference; lastKnownFileType = sourcecode.swift; path = AppDelegate.swift; sourceTree = "<group>"; };
		0EC995581C31235E0035291D /* ViewController.swift */ = {isa = PBXFileReference; lastKnownFileType = sourcecode.swift; path = ViewController.swift; sourceTree = "<group>"; };
		0EC9955B1C31235E0035291D /* Base */ = {isa = PBXFileReference; lastKnownFileType = file.storyboard; name = Base; path = Base.lproj/Main.storyboard; sourceTree = "<group>"; };
		0EC9955D1C31235E0035291D /* Assets.xcassets */ = {isa = PBXFileReference; lastKnownFileType = folder.assetcatalog; path = Assets.xcassets; sourceTree = "<group>"; };
		0EC995601C31235E0035291D /* Base */ = {isa = PBXFileReference; lastKnownFileType = file.storyboard; name = Base; path = Base.lproj/LaunchScreen.storyboard; sourceTree = "<group>"; };
		0EC995621C31235E0035291D /* Info.plist */ = {isa = PBXFileReference; lastKnownFileType = text.plist.xml; path = Info.plist; sourceTree = "<group>"; };
		0EC995681C3124FE0035291D /* MuddlerKit.framework */ = {isa = PBXFileReference; lastKnownFileType = wrapper.framework; name = MuddlerKit.framework; path = Carthage/Build/iOS/MuddlerKit.framework; sourceTree = "<group>"; };
		0EC995721C3129E00035291D /* Log.swift */ = {isa = PBXFileReference; fileEncoding = 4; lastKnownFileType = sourcecode.swift; path = Log.swift; sourceTree = "<group>"; };
/* End PBXFileReference section */

/* Begin PBXFrameworksBuildPhase section */
		0EC995501C31235E0035291D /* Frameworks */ = {
			isa = PBXFrameworksBuildPhase;
			buildActionMask = 2147483647;
			files = (
				0EC995691C3124FE0035291D /* MuddlerKit.framework in Frameworks */,
			);
			runOnlyForDeploymentPostprocessing = 0;
		};
/* End PBXFrameworksBuildPhase section */

/* Begin PBXGroup section */
		0EC9954A1C31235E0035291D = {
			isa = PBXGroup;
			children = (
				0EC995681C3124FE0035291D /* MuddlerKit.framework */,
				0EC995551C31235E0035291D /* Example */,
				0EC995541C31235E0035291D /* Products */,
			);
			sourceTree = "<group>";
		};
		0EC995541C31235E0035291D /* Products */ = {
			isa = PBXGroup;
			children = (
				0EC995531C31235E0035291D /* Example.app */,
			);
			name = Products;
			sourceTree = "<group>";
		};
		0EC995551C31235E0035291D /* Example */ = {
			isa = PBXGroup;
			children = (
				0EC995721C3129E00035291D /* Log.swift */,
				0EC995561C31235E0035291D /* AppDelegate.swift */,
				0EC995581C31235E0035291D /* ViewController.swift */,
				0EC9955A1C31235E0035291D /* Main.storyboard */,
				0EC9955D1C31235E0035291D /* Assets.xcassets */,
				0EC9955F1C31235E0035291D /* LaunchScreen.storyboard */,
				0EC995621C31235E0035291D /* Info.plist */,
			);
			path = Example;
			sourceTree = "<group>";
		};
/* End PBXGroup section */

/* Begin PBXNativeTarget section */
		0EC995521C31235E0035291D /* Example */ = {
			isa = PBXNativeTarget;
			buildConfigurationList = 0EC995651C31235E0035291D /* Build configuration list for PBXNativeTarget "Example" */;
			buildPhases = (
				0EC9954F1C31235E0035291D /* Sources */,
				0EC995501C31235E0035291D /* Frameworks */,
				0EC995511C31235E0035291D /* Resources */,
				0EC9956A1C3125160035291D /* ShellScript */,
			);
			buildRules = (
			);
			dependencies = (
			);
			name = Example;
			productName = Example;
			productReference = 0EC995531C31235E0035291D /* Example.app */;
			productType = "com.apple.product-type.application";
		};
/* End PBXNativeTarget section */

/* Begin PBXProject section */
		0EC9954B1C31235E0035291D /* Project object */ = {
			isa = PBXProject;
			attributes = {
				LastSwiftUpdateCheck = 0720;
				LastUpgradeCheck = 0720;
				ORGANIZATIONNAME = "Kosuke Matsuda";
				TargetAttributes = {
					0EC995521C31235E0035291D = {
						CreatedOnToolsVersion = 7.2;
					};
				};
			};
			buildConfigurationList = 0EC9954E1C31235E0035291D /* Build configuration list for PBXProject "Example" */;
			compatibilityVersion = "Xcode 3.2";
			developmentRegion = English;
			hasScannedForEncodings = 0;
			knownRegions = (
				en,
				Base,
			);
			mainGroup = 0EC9954A1C31235E0035291D;
			productRefGroup = 0EC995541C31235E0035291D /* Products */;
			projectDirPath = "";
			projectRoot = "";
			targets = (
				0EC995521C31235E0035291D /* Example */,
			);
		};
/* End PBXProject section */

/* Begin PBXResourcesBuildPhase section */
		0EC995511C31235E0035291D /* Resources */ = {
			isa = PBXResourcesBuildPhase;
			buildActionMask = 2147483647;
			files = (
				0EC995611C31235E0035291D /* LaunchScreen.storyboard in Resources */,
				0EC9955E1C31235E0035291D /* Assets.xcassets in Resources */,
				0EC9955C1C31235E0035291D /* Main.storyboard in Resources */,
			);
			runOnlyForDeploymentPostprocessing = 0;
		};
/* End PBXResourcesBuildPhase section */

/* Begin PBXShellScriptBuildPhase section */
		0EC9956A1C3125160035291D /* ShellScript */ = {
			isa = PBXShellScriptBuildPhase;
			buildActionMask = 2147483647;
			files = (
			);
			inputPaths = (
				"$(SRCROOT)/Carthage/Build/iOS/MuddlerKit.framework",
			);
			outputPaths = (
			);
			runOnlyForDeploymentPostprocessing = 0;
			shellPath = /bin/sh;
			shellScript = "/usr/local/bin/carthage copy-frameworks";
		};
/* End PBXShellScriptBuildPhase section */

/* Begin PBXSourcesBuildPhase section */
		0EC9954F1C31235E0035291D /* Sources */ = {
			isa = PBXSourcesBuildPhase;
			buildActionMask = 2147483647;
			files = (
				0EC995591C31235E0035291D /* ViewController.swift in Sources */,
				0EC995571C31235E0035291D /* AppDelegate.swift in Sources */,
				0EC995731C3129E00035291D /* Log.swift in Sources */,
			);
			runOnlyForDeploymentPostprocessing = 0;
		};
/* End PBXSourcesBuildPhase section */

/* Begin PBXVariantGroup section */
		0EC9955A1C31235E0035291D /* Main.storyboard */ = {
			isa = PBXVariantGroup;
			children = (
				0EC9955B1C31235E0035291D /* Base */,
			);
			name = Main.storyboard;
			sourceTree = "<group>";
		};
		0EC9955F1C31235E0035291D /* LaunchScreen.storyboard */ = {
			isa = PBXVariantGroup;
			children = (
				0EC995601C31235E0035291D /* Base */,
			);
			name = LaunchScreen.storyboard;
			sourceTree = "<group>";
		};
/* End PBXVariantGroup section */

/* Begin XCBuildConfiguration section */
		0EC995631C31235E0035291D /* Debug */ = {
			isa = XCBuildConfiguration;
			buildSettings = {
				ALWAYS_SEARCH_USER_PATHS = NO;
				CLANG_CXX_LANGUAGE_STANDARD = "gnu++0x";
				CLANG_CXX_LIBRARY = "libc++";
				CLANG_ENABLE_MODULES = YES;
				CLANG_ENABLE_OBJC_ARC = YES;
				CLANG_WARN_BOOL_CONVERSION = YES;
				CLANG_WARN_CONSTANT_CONVERSION = YES;
				CLANG_WARN_DIRECT_OBJC_ISA_USAGE = YES_ERROR;
				CLANG_WARN_EMPTY_BODY = YES;
				CLANG_WARN_ENUM_CONVERSION = YES;
				CLANG_WARN_INT_CONVERSION = YES;
				CLANG_WARN_OBJC_ROOT_CLASS = YES_ERROR;
				CLANG_WARN_UNREACHABLE_CODE = YES;
				CLANG_WARN__DUPLICATE_METHOD_MATCH = YES;
				"CODE_SIGN_IDENTITY[sdk=iphoneos*]" = "iPhone Developer";
				COPY_PHASE_STRIP = NO;
				DEBUG_INFORMATION_FORMAT = dwarf;
				ENABLE_STRICT_OBJC_MSGSEND = YES;
				ENABLE_TESTABILITY = YES;
				GCC_C_LANGUAGE_STANDARD = gnu99;
				GCC_DYNAMIC_NO_PIC = NO;
				GCC_NO_COMMON_BLOCKS = YES;
				GCC_OPTIMIZATION_LEVEL = 0;
				GCC_PREPROCESSOR_DEFINITIONS = (
					"DEBUG=1",
					"$(inherited)",
				);
				GCC_WARN_64_TO_32_BIT_CONVERSION = YES;
				GCC_WARN_ABOUT_RETURN_TYPE = YES_ERROR;
				GCC_WARN_UNDECLARED_SELECTOR = YES;
				GCC_WARN_UNINITIALIZED_AUTOS = YES_AGGRESSIVE;
				GCC_WARN_UNUSED_FUNCTION = YES;
				GCC_WARN_UNUSED_VARIABLE = YES;
				IPHONEOS_DEPLOYMENT_TARGET = 8.0;
				MTL_ENABLE_DEBUG_INFO = YES;
				ONLY_ACTIVE_ARCH = YES;
				SDKROOT = iphoneos;
				SWIFT_OPTIMIZATION_LEVEL = "-Onone";
			};
			name = Debug;
		};
		0EC995641C31235E0035291D /* Release */ = {
			isa = XCBuildConfiguration;
			buildSettings = {
				ALWAYS_SEARCH_USER_PATHS = NO;
				CLANG_CXX_LANGUAGE_STANDARD = "gnu++0x";
				CLANG_CXX_LIBRARY = "libc++";
				CLANG_ENABLE_MODULES = YES;
				CLANG_ENABLE_OBJC_ARC = YES;
				CLANG_WARN_BOOL_CONVERSION = YES;
				CLANG_WARN_CONSTANT_CONVERSION = YES;
				CLANG_WARN_DIRECT_OBJC_ISA_USAGE = YES_ERROR;
				CLANG_WARN_EMPTY_BODY = YES;
				CLANG_WARN_ENUM_CONVERSION = YES;
				CLANG_WARN_INT_CONVERSION = YES;
				CLANG_WARN_OBJC_ROOT_CLASS = YES_ERROR;
				CLANG_WARN_UNREACHABLE_CODE = YES;
				CLANG_WARN__DUPLICATE_METHOD_MATCH = YES;
				"CODE_SIGN_IDENTITY[sdk=iphoneos*]" = "iPhone Developer";
				COPY_PHASE_STRIP = NO;
				DEBUG_INFORMATION_FORMAT = "dwarf-with-dsym";
				ENABLE_NS_ASSERTIONS = NO;
				ENABLE_STRICT_OBJC_MSGSEND = YES;
				GCC_C_LANGUAGE_STANDARD = gnu99;
				GCC_NO_COMMON_BLOCKS = YES;
				GCC_WARN_64_TO_32_BIT_CONVERSION = YES;
				GCC_WARN_ABOUT_RETURN_TYPE = YES_ERROR;
				GCC_WARN_UNDECLARED_SELECTOR = YES;
				GCC_WARN_UNINITIALIZED_AUTOS = YES_AGGRESSIVE;
				GCC_WARN_UNUSED_FUNCTION = YES;
				GCC_WARN_UNUSED_VARIABLE = YES;
				IPHONEOS_DEPLOYMENT_TARGET = 8.0;
				MTL_ENABLE_DEBUG_INFO = NO;
				SDKROOT = iphoneos;
				VALIDATE_PRODUCT = YES;
			};
			name = Release;
		};
		0EC995661C31235E0035291D /* Debug */ = {
			isa = XCBuildConfiguration;
			buildSettings = {
				ASSETCATALOG_COMPILER_APPICON_NAME = AppIcon;
				FRAMEWORK_SEARCH_PATHS = (
					"$(inherited)",
					"$(PROJECT_DIR)/Carthage/Build/iOS",
				);
				INFOPLIST_FILE = Example/Info.plist;
				LD_RUNPATH_SEARCH_PATHS = "$(inherited) @executable_path/Frameworks";
				OTHER_SWIFT_FLAGS = "-DDEBUG";
				PRODUCT_BUNDLE_IDENTIFIER = me.matsuda.Example;
				PRODUCT_NAME = "$(TARGET_NAME)";
			};
			name = Debug;
		};
		0EC995671C31235E0035291D /* Release */ = {
			isa = XCBuildConfiguration;
			buildSettings = {
				ASSETCATALOG_COMPILER_APPICON_NAME = AppIcon;
				FRAMEWORK_SEARCH_PATHS = (
					"$(inherited)",
					"$(PROJECT_DIR)/Carthage/Build/iOS",
				);
				INFOPLIST_FILE = Example/Info.plist;
				LD_RUNPATH_SEARCH_PATHS = "$(inherited) @executable_path/Frameworks";
				OTHER_SWIFT_FLAGS = "-DDEBUG";
				PRODUCT_BUNDLE_IDENTIFIER = me.matsuda.Example;
				PRODUCT_NAME = "$(TARGET_NAME)";
			};
			name = Release;
		};
/* End XCBuildConfiguration section */

/* Begin XCConfigurationList section */
		0EC9954E1C31235E0035291D /* Build configuration list for PBXProject "Example" */ = {
			isa = XCConfigurationList;
			buildConfigurations = (
				0EC995631C31235E0035291D /* Debug */,
				0EC995641C31235E0035291D /* Release */,
			);
			defaultConfigurationIsVisible = 0;
			defaultConfigurationName = Release;
		};
		0EC995651C31235E0035291D /* Build configuration list for PBXNativeTarget "Example" */ = {
			isa = XCConfigurationList;
			buildConfigurations = (
				0EC995661C31235E0035291D /* Debug */,
				0EC995671C31235E0035291D /* Release */,
			);
			defaultConfigurationIsVisible = 0;
		};
/* End XCConfigurationList section */
	};
	rootObject = 0EC9954B1C31235E0035291D /* Project object */;
}
